{
  "lockfileVersion": 1,
  "workspaces": {
    "": {
      "name": "mcp-store",
      "dependencies": {
        "@hookform/resolvers": "^4.1.3",
        "@radix-ui/react-checkbox": "^1.1.4",
        "@radix-ui/react-dialog": "^1.1.6",
        "@radix-ui/react-dropdown-menu": "^2.1.6",
        "@radix-ui/react-label": "^2.1.2",
        "@radix-ui/react-select": "^2.1.6",
        "@radix-ui/react-slot": "^1.1.2",
        "@radix-ui/react-tabs": "^1.1.3",
        "@rollup/rollup-win32-x64-msvc": "^4.40.1",
        "@tailwindcss/oxide-win32-x64-msvc": "^4.1.4",
        "@tailwindcss/vite": "^4.0.14",
        "@tanstack/react-query": "^5.69.0",
        "@tauri-apps/api": "^2.5.0",
        "@tauri-apps/cli-win32-x64-msvc": "^2.5.0",
        "@tauri-apps/plugin-dialog": "^2.2.0",
        "@tauri-apps/plugin-os": "^2.2.1",
        "@tauri-apps/plugin-shell": "^2.2.0",
        "class-variance-authority": "^0.7.1",
        "clsx": "^2.1.1",
        "i18next": "^24.2.3",
        "i18next-browser-languagedetector": "^8.0.4",
        "lucide-react": "^0.479.0",
        "react": "^18.3.1",
        "react-dom": "^18.3.1",
        "react-hook-form": "^7.54.2",
        "react-i18next": "^15.4.1",
        "react-router": "^7.5.3",
        "react-router-dom": "^7.3.0",
        "sonner": "^2.0.1",
        "tailwind-merge": "^3.0.2",
        "tailwindcss": "^4.0.14",
        "tailwindcss-animate": "^1.0.7",
        "zod": "^3.24.2",
        "zustand": "^5.0.3",
      },
      "devDependencies": {
        "@tauri-apps/cli": "^2.5.0",
        "@tauri-apps/plugin-fs": "^2.2.0",
        "@types/node": "^22.13.10",
        "@types/react": "^18.3.1",
        "@types/react-dom": "^18.3.1",
        "@vitejs/plugin-react": "^4.3.4",
        "typescript": "~5.6.2",
        "vite": "^6.0.3",
      },
    },
  },
  "packages": {
    "@ampproject/remapping": ["@ampproject/remapping@2.3.0", "", { "dependencies": { "@jridgewell/gen-mapping": "^0.3.5", "@jridgewell/trace-mapping": "^0.3.24" } }, ""],

    "@babel/code-frame": ["@babel/code-frame@7.26.2", "", { "dependencies": { "@babel/helper-validator-identifier": "^7.25.9", "js-tokens": "^4.0.0", "picocolors": "^1.0.0" } }, ""],

    "@babel/compat-data": ["@babel/compat-data@7.26.8", "", {}, ""],

    "@babel/core": ["@babel/core@7.26.10", "", { "dependencies": { "@ampproject/remapping": "^2.2.0", "@babel/code-frame": "^7.26.2", "@babel/generator": "^7.26.10", "@babel/helper-compilation-targets": "^7.26.5", "@babel/helper-module-transforms": "^7.26.0", "@babel/helpers": "^7.26.10", "@babel/parser": "^7.26.10", "@babel/template": "^7.26.9", "@babel/traverse": "^7.26.10", "@babel/types": "^7.26.10", "convert-source-map": "^2.0.0", "debug": "^4.1.0", "gensync": "^1.0.0-beta.2", "json5": "^2.2.3", "semver": "^6.3.1" } }, ""],

    "@babel/generator": ["@babel/generator@7.26.10", "", { "dependencies": { "@babel/parser": "^7.26.10", "@babel/types": "^7.26.10", "@jridgewell/gen-mapping": "^0.3.5", "@jridgewell/trace-mapping": "^0.3.25", "jsesc": "^3.0.2" } }, ""],

    "@babel/helper-compilation-targets": ["@babel/helper-compilation-targets@7.26.5", "", { "dependencies": { "@babel/compat-data": "^7.26.5", "@babel/helper-validator-option": "^7.25.9", "browserslist": "^4.24.0", "lru-cache": "^5.1.1", "semver": "^6.3.1" } }, ""],

    "@babel/helper-module-imports": ["@babel/helper-module-imports@7.25.9", "", { "dependencies": { "@babel/traverse": "^7.25.9", "@babel/types": "^7.25.9" } }, ""],

    "@babel/helper-module-transforms": ["@babel/helper-module-transforms@7.26.0", "", { "dependencies": { "@babel/helper-module-imports": "^7.25.9", "@babel/helper-validator-identifier": "^7.25.9", "@babel/traverse": "^7.25.9" }, "peerDependencies": { "@babel/core": "^7.0.0" } }, ""],

    "@babel/helper-plugin-utils": ["@babel/helper-plugin-utils@7.26.5", "", {}, ""],

    "@babel/helper-string-parser": ["@babel/helper-string-parser@7.25.9", "", {}, ""],

    "@babel/helper-validator-identifier": ["@babel/helper-validator-identifier@7.25.9", "", {}, ""],

    "@babel/helper-validator-option": ["@babel/helper-validator-option@7.25.9", "", {}, ""],

    "@babel/helpers": ["@babel/helpers@7.26.10", "", { "dependencies": { "@babel/template": "^7.26.9", "@babel/types": "^7.26.10" } }, ""],

    "@babel/parser": ["@babel/parser@7.26.10", "", { "dependencies": { "@babel/types": "^7.26.10" }, "bin": { "parser": "bin/babel-parser.js" } }, ""],

    "@babel/plugin-transform-react-jsx-self": ["@babel/plugin-transform-react-jsx-self@7.25.9", "", { "dependencies": { "@babel/helper-plugin-utils": "^7.25.9" }, "peerDependencies": { "@babel/core": "^7.0.0-0" } }, ""],

    "@babel/plugin-transform-react-jsx-source": ["@babel/plugin-transform-react-jsx-source@7.25.9", "", { "dependencies": { "@babel/helper-plugin-utils": "^7.25.9" }, "peerDependencies": { "@babel/core": "^7.0.0-0" } }, ""],

    "@babel/runtime": ["@babel/runtime@7.26.10", "", { "dependencies": { "regenerator-runtime": "^0.14.0" } }, "sha512-2WJMeRQPHKSPemqk/awGrAiuFfzBmOIPXKizAsVhWH9YJqLZ0H+HS4c8loHGgW6utJ3E/ejXQUsiGaQy2NZ9Fw=="],

    "@babel/template": ["@babel/template@7.26.9", "", { "dependencies": { "@babel/code-frame": "^7.26.2", "@babel/parser": "^7.26.9", "@babel/types": "^7.26.9" } }, ""],

    "@babel/traverse": ["@babel/traverse@7.26.10", "", { "dependencies": { "@babel/code-frame": "^7.26.2", "@babel/generator": "^7.26.10", "@babel/parser": "^7.26.10", "@babel/template": "^7.26.9", "@babel/types": "^7.26.10", "debug": "^4.3.1", "globals": "^11.1.0" } }, ""],

    "@babel/types": ["@babel/types@7.26.10", "", { "dependencies": { "@babel/helper-string-parser": "^7.25.9", "@babel/helper-validator-identifier": "^7.25.9" } }, ""],

    "@esbuild/darwin-arm64": ["@esbuild/darwin-arm64@0.25.1", "", { "os": "darwin", "cpu": "arm64" }, ""],

    "@floating-ui/core": ["@floating-ui/core@1.6.9", "", { "dependencies": { "@floating-ui/utils": "^0.2.9" } }, ""],

    "@floating-ui/dom": ["@floating-ui/dom@1.6.13", "", { "dependencies": { "@floating-ui/core": "^1.6.0", "@floating-ui/utils": "^0.2.9" } }, ""],

    "@floating-ui/react-dom": ["@floating-ui/react-dom@2.1.2", "", { "dependencies": { "@floating-ui/dom": "^1.0.0" }, "peerDependencies": { "react": ">=16.8.0", "react-dom": ">=16.8.0" } }, ""],

    "@floating-ui/utils": ["@floating-ui/utils@0.2.9", "", {}, ""],

    "@hookform/resolvers": ["@hookform/resolvers@4.1.3", "", { "dependencies": { "@standard-schema/utils": "^0.3.0" }, "peerDependencies": { "react-hook-form": "^7.0.0" } }, "sha512-Jsv6UOWYTrEFJ/01ZrnwVXs7KDvP8XIo115i++5PWvNkNvkrsTfGiLS6w+eJ57CYtUtDQalUWovCZDHFJ8u1VQ=="],

    "@jridgewell/gen-mapping": ["@jridgewell/gen-mapping@0.3.8", "", { "dependencies": { "@jridgewell/set-array": "^1.2.1", "@jridgewell/sourcemap-codec": "^1.4.10", "@jridgewell/trace-mapping": "^0.3.24" } }, ""],

    "@jridgewell/resolve-uri": ["@jridgewell/resolve-uri@3.1.2", "", {}, ""],

    "@jridgewell/set-array": ["@jridgewell/set-array@1.2.1", "", {}, ""],

    "@jridgewell/sourcemap-codec": ["@jridgewell/sourcemap-codec@1.5.0", "", {}, ""],

    "@jridgewell/trace-mapping": ["@jridgewell/trace-mapping@0.3.25", "", { "dependencies": { "@jridgewell/resolve-uri": "^3.1.0", "@jridgewell/sourcemap-codec": "^1.4.14" } }, ""],

    "@radix-ui/number": ["@radix-ui/number@1.1.0", "", {}, ""],

    "@radix-ui/primitive": ["@radix-ui/primitive@1.1.1", "", {}, ""],

    "@radix-ui/react-arrow": ["@radix-ui/react-arrow@1.1.2", "", { "dependencies": { "@radix-ui/react-primitive": "2.0.2" }, "peerDependencies": { "@types/react": "*", "@types/react-dom": "*", "react": "^16.8 || ^17.0 || ^18.0 || ^19.0 || ^19.0.0-rc", "react-dom": "^16.8 || ^17.0 || ^18.0 || ^19.0 || ^19.0.0-rc" } }, ""],

    "@radix-ui/react-checkbox": ["@radix-ui/react-checkbox@1.1.4", "", { "dependencies": { "@radix-ui/primitive": "1.1.1", "@radix-ui/react-compose-refs": "1.1.1", "@radix-ui/react-context": "1.1.1", "@radix-ui/react-presence": "1.1.2", "@radix-ui/react-primitive": "2.0.2", "@radix-ui/react-use-controllable-state": "1.1.0", "@radix-ui/react-use-previous": "1.1.0", "@radix-ui/react-use-size": "1.1.0" }, "peerDependencies": { "@types/react": "*", "@types/react-dom": "*", "react": "^16.8 || ^17.0 || ^18.0 || ^19.0 || ^19.0.0-rc", "react-dom": "^16.8 || ^17.0 || ^18.0 || ^19.0 || ^19.0.0-rc" } }, "sha512-wP0CPAHq+P5I4INKe3hJrIa1WoNqqrejzW+zoU0rOvo1b9gDEJJFl2rYfO1PYJUQCc2H1WZxIJmyv9BS8i5fLw=="],

    "@radix-ui/react-collection": ["@radix-ui/react-collection@1.1.2", "", { "dependencies": { "@radix-ui/react-compose-refs": "1.1.1", "@radix-ui/react-context": "1.1.1", "@radix-ui/react-primitive": "2.0.2", "@radix-ui/react-slot": "1.1.2" }, "peerDependencies": { "@types/react": "*", "@types/react-dom": "*", "react": "^16.8 || ^17.0 || ^18.0 || ^19.0 || ^19.0.0-rc", "react-dom": "^16.8 || ^17.0 || ^18.0 || ^19.0 || ^19.0.0-rc" } }, ""],

    "@radix-ui/react-compose-refs": ["@radix-ui/react-compose-refs@1.1.1", "", { "peerDependencies": { "@types/react": "*", "react": "^16.8 || ^17.0 || ^18.0 || ^19.0 || ^19.0.0-rc" } }, ""],

    "@radix-ui/react-context": ["@radix-ui/react-context@1.1.1", "", { "peerDependencies": { "@types/react": "*", "react": "^16.8 || ^17.0 || ^18.0 || ^19.0 || ^19.0.0-rc" } }, ""],

    "@radix-ui/react-dialog": ["@radix-ui/react-dialog@1.1.6", "", { "dependencies": { "@radix-ui/primitive": "1.1.1", "@radix-ui/react-compose-refs": "1.1.1", "@radix-ui/react-context": "1.1.1", "@radix-ui/react-dismissable-layer": "1.1.5", "@radix-ui/react-focus-guards": "1.1.1", "@radix-ui/react-focus-scope": "1.1.2", "@radix-ui/react-id": "1.1.0", "@radix-ui/react-portal": "1.1.4", "@radix-ui/react-presence": "1.1.2", "@radix-ui/react-primitive": "2.0.2", "@radix-ui/react-slot": "1.1.2", "@radix-ui/react-use-controllable-state": "1.1.0", "aria-hidden": "^1.2.4", "react-remove-scroll": "^2.6.3" }, "peerDependencies": { "@types/react": "*", "@types/react-dom": "*", "react": "^16.8 || ^17.0 || ^18.0 || ^19.0 || ^19.0.0-rc", "react-dom": "^16.8 || ^17.0 || ^18.0 || ^19.0 || ^19.0.0-rc" } }, ""],

    "@radix-ui/react-direction": ["@radix-ui/react-direction@1.1.0", "", { "peerDependencies": { "@types/react": "*", "react": "^16.8 || ^17.0 || ^18.0 || ^19.0 || ^19.0.0-rc" } }, ""],

    "@radix-ui/react-dismissable-layer": ["@radix-ui/react-dismissable-layer@1.1.5", "", { "dependencies": { "@radix-ui/primitive": "1.1.1", "@radix-ui/react-compose-refs": "1.1.1", "@radix-ui/react-primitive": "2.0.2", "@radix-ui/react-use-callback-ref": "1.1.0", "@radix-ui/react-use-escape-keydown": "1.1.0" }, "peerDependencies": { "@types/react": "*", "@types/react-dom": "*", "react": "^16.8 || ^17.0 || ^18.0 || ^19.0 || ^19.0.0-rc", "react-dom": "^16.8 || ^17.0 || ^18.0 || ^19.0 || ^19.0.0-rc" } }, ""],

    "@radix-ui/react-dropdown-menu": ["@radix-ui/react-dropdown-menu@2.1.6", "", { "dependencies": { "@radix-ui/primitive": "1.1.1", "@radix-ui/react-compose-refs": "1.1.1", "@radix-ui/react-context": "1.1.1", "@radix-ui/react-id": "1.1.0", "@radix-ui/react-menu": "2.1.6", "@radix-ui/react-primitive": "2.0.2", "@radix-ui/react-use-controllable-state": "1.1.0" }, "peerDependencies": { "@types/react": "*", "@types/react-dom": "*", "react": "^16.8 || ^17.0 || ^18.0 || ^19.0 || ^19.0.0-rc", "react-dom": "^16.8 || ^17.0 || ^18.0 || ^19.0 || ^19.0.0-rc" } }, ""],

    "@radix-ui/react-focus-guards": ["@radix-ui/react-focus-guards@1.1.1", "", { "peerDependencies": { "@types/react": "*", "react": "^16.8 || ^17.0 || ^18.0 || ^19.0 || ^19.0.0-rc" } }, ""],

    "@radix-ui/react-focus-scope": ["@radix-ui/react-focus-scope@1.1.2", "", { "dependencies": { "@radix-ui/react-compose-refs": "1.1.1", "@radix-ui/react-primitive": "2.0.2", "@radix-ui/react-use-callback-ref": "1.1.0" }, "peerDependencies": { "@types/react": "*", "@types/react-dom": "*", "react": "^16.8 || ^17.0 || ^18.0 || ^19.0 || ^19.0.0-rc", "react-dom": "^16.8 || ^17.0 || ^18.0 || ^19.0 || ^19.0.0-rc" } }, ""],

    "@radix-ui/react-id": ["@radix-ui/react-id@1.1.0", "", { "dependencies": { "@radix-ui/react-use-layout-effect": "1.1.0" }, "peerDependencies": { "@types/react": "*", "react": "^16.8 || ^17.0 || ^18.0 || ^19.0 || ^19.0.0-rc" } }, ""],

    "@radix-ui/react-label": ["@radix-ui/react-label@2.1.2", "", { "dependencies": { "@radix-ui/react-primitive": "2.0.2" }, "peerDependencies": { "@types/react": "*", "@types/react-dom": "*", "react": "^16.8 || ^17.0 || ^18.0 || ^19.0 || ^19.0.0-rc", "react-dom": "^16.8 || ^17.0 || ^18.0 || ^19.0 || ^19.0.0-rc" } }, "sha512-zo1uGMTaNlHehDyFQcDZXRJhUPDuukcnHz0/jnrup0JA6qL+AFpAnty+7VKa9esuU5xTblAZzTGYJKSKaBxBhw=="],

    "@radix-ui/react-menu": ["@radix-ui/react-menu@2.1.6", "", { "dependencies": { "@radix-ui/primitive": "1.1.1", "@radix-ui/react-collection": "1.1.2", "@radix-ui/react-compose-refs": "1.1.1", "@radix-ui/react-context": "1.1.1", "@radix-ui/react-direction": "1.1.0", "@radix-ui/react-dismissable-layer": "1.1.5", "@radix-ui/react-focus-guards": "1.1.1", "@radix-ui/react-focus-scope": "1.1.2", "@radix-ui/react-id": "1.1.0", "@radix-ui/react-popper": "1.2.2", "@radix-ui/react-portal": "1.1.4", "@radix-ui/react-presence": "1.1.2", "@radix-ui/react-primitive": "2.0.2", "@radix-ui/react-roving-focus": "1.1.2", "@radix-ui/react-slot": "1.1.2", "@radix-ui/react-use-callback-ref": "1.1.0", "aria-hidden": "^1.2.4", "react-remove-scroll": "^2.6.3" }, "peerDependencies": { "@types/react": "*", "@types/react-dom": "*", "react": "^16.8 || ^17.0 || ^18.0 || ^19.0 || ^19.0.0-rc", "react-dom": "^16.8 || ^17.0 || ^18.0 || ^19.0 || ^19.0.0-rc" } }, ""],

    "@radix-ui/react-popper": ["@radix-ui/react-popper@1.2.2", "", { "dependencies": { "@floating-ui/react-dom": "^2.0.0", "@radix-ui/react-arrow": "1.1.2", "@radix-ui/react-compose-refs": "1.1.1", "@radix-ui/react-context": "1.1.1", "@radix-ui/react-primitive": "2.0.2", "@radix-ui/react-use-callback-ref": "1.1.0", "@radix-ui/react-use-layout-effect": "1.1.0", "@radix-ui/react-use-rect": "1.1.0", "@radix-ui/react-use-size": "1.1.0", "@radix-ui/rect": "1.1.0" }, "peerDependencies": { "@types/react": "*", "@types/react-dom": "*", "react": "^16.8 || ^17.0 || ^18.0 || ^19.0 || ^19.0.0-rc", "react-dom": "^16.8 || ^17.0 || ^18.0 || ^19.0 || ^19.0.0-rc" } }, ""],

    "@radix-ui/react-portal": ["@radix-ui/react-portal@1.1.4", "", { "dependencies": { "@radix-ui/react-primitive": "2.0.2", "@radix-ui/react-use-layout-effect": "1.1.0" }, "peerDependencies": { "@types/react": "*", "@types/react-dom": "*", "react": "^16.8 || ^17.0 || ^18.0 || ^19.0 || ^19.0.0-rc", "react-dom": "^16.8 || ^17.0 || ^18.0 || ^19.0 || ^19.0.0-rc" } }, ""],

    "@radix-ui/react-presence": ["@radix-ui/react-presence@1.1.2", "", { "dependencies": { "@radix-ui/react-compose-refs": "1.1.1", "@radix-ui/react-use-layout-effect": "1.1.0" }, "peerDependencies": { "@types/react": "*", "@types/react-dom": "*", "react": "^16.8 || ^17.0 || ^18.0 || ^19.0 || ^19.0.0-rc", "react-dom": "^16.8 || ^17.0 || ^18.0 || ^19.0 || ^19.0.0-rc" } }, ""],

    "@radix-ui/react-primitive": ["@radix-ui/react-primitive@2.0.2", "", { "dependencies": { "@radix-ui/react-slot": "1.1.2" }, "peerDependencies": { "@types/react": "*", "@types/react-dom": "*", "react": "^16.8 || ^17.0 || ^18.0 || ^19.0 || ^19.0.0-rc", "react-dom": "^16.8 || ^17.0 || ^18.0 || ^19.0 || ^19.0.0-rc" } }, ""],

    "@radix-ui/react-roving-focus": ["@radix-ui/react-roving-focus@1.1.7", "", { "dependencies": { "@radix-ui/primitive": "1.1.2", "@radix-ui/react-collection": "1.1.4", "@radix-ui/react-compose-refs": "1.1.2", "@radix-ui/react-context": "1.1.2", "@radix-ui/react-direction": "1.1.1", "@radix-ui/react-id": "1.1.1", "@radix-ui/react-primitive": "2.1.0", "@radix-ui/react-use-callback-ref": "1.1.1", "@radix-ui/react-use-controllable-state": "1.2.2" }, "peerDependencies": { "@types/react": "*", "@types/react-dom": "*", "react": "^16.8 || ^17.0 || ^18.0 || ^19.0 || ^19.0.0-rc", "react-dom": "^16.8 || ^17.0 || ^18.0 || ^19.0 || ^19.0.0-rc" }, "optionalPeers": ["@types/react", "@types/react-dom"] }, "sha512-C6oAg451/fQT3EGbWHbCQjYTtbyjNO1uzQgMzwyivcHT3GKNEmu1q3UuREhN+HzHAVtv3ivMVK08QlC+PkYw9Q=="],

    "@radix-ui/react-select": ["@radix-ui/react-select@2.1.6", "", { "dependencies": { "@radix-ui/number": "1.1.0", "@radix-ui/primitive": "1.1.1", "@radix-ui/react-collection": "1.1.2", "@radix-ui/react-compose-refs": "1.1.1", "@radix-ui/react-context": "1.1.1", "@radix-ui/react-direction": "1.1.0", "@radix-ui/react-dismissable-layer": "1.1.5", "@radix-ui/react-focus-guards": "1.1.1", "@radix-ui/react-focus-scope": "1.1.2", "@radix-ui/react-id": "1.1.0", "@radix-ui/react-popper": "1.2.2", "@radix-ui/react-portal": "1.1.4", "@radix-ui/react-primitive": "2.0.2", "@radix-ui/react-slot": "1.1.2", "@radix-ui/react-use-callback-ref": "1.1.0", "@radix-ui/react-use-controllable-state": "1.1.0", "@radix-ui/react-use-layout-effect": "1.1.0", "@radix-ui/react-use-previous": "1.1.0", "@radix-ui/react-visually-hidden": "1.1.2", "aria-hidden": "^1.2.4", "react-remove-scroll": "^2.6.3" }, "peerDependencies": { "@types/react": "*", "@types/react-dom": "*", "react": "^16.8 || ^17.0 || ^18.0 || ^19.0 || ^19.0.0-rc", "react-dom": "^16.8 || ^17.0 || ^18.0 || ^19.0 || ^19.0.0-rc" } }, ""],

    "@radix-ui/react-slot": ["@radix-ui/react-slot@1.1.2", "", { "dependencies": { "@radix-ui/react-compose-refs": "1.1.1" }, "peerDependencies": { "@types/react": "*", "react": "^16.8 || ^17.0 || ^18.0 || ^19.0 || ^19.0.0-rc" } }, ""],

    "@radix-ui/react-tabs": ["@radix-ui/react-tabs@1.1.9", "", { "dependencies": { "@radix-ui/primitive": "1.1.2", "@radix-ui/react-context": "1.1.2", "@radix-ui/react-direction": "1.1.1", "@radix-ui/react-id": "1.1.1", "@radix-ui/react-presence": "1.1.4", "@radix-ui/react-primitive": "2.1.0", "@radix-ui/react-roving-focus": "1.1.7", "@radix-ui/react-use-controllable-state": "1.2.2" }, "peerDependencies": { "@types/react": "*", "@types/react-dom": "*", "react": "^16.8 || ^17.0 || ^18.0 || ^19.0 || ^19.0.0-rc", "react-dom": "^16.8 || ^17.0 || ^18.0 || ^19.0 || ^19.0.0-rc" }, "optionalPeers": ["@types/react", "@types/react-dom"] }, "sha512-KIjtwciYvquiW/wAFkELZCVnaNLBsYNhTNcvl+zfMAbMhRkcvNuCLXDDd22L0j7tagpzVh/QwbFpwAATg7ILPw=="],

    "@radix-ui/react-use-callback-ref": ["@radix-ui/react-use-callback-ref@1.1.0", "", { "peerDependencies": { "@types/react": "*", "react": "^16.8 || ^17.0 || ^18.0 || ^19.0 || ^19.0.0-rc" } }, ""],

    "@radix-ui/react-use-controllable-state": ["@radix-ui/react-use-controllable-state@1.1.0", "", { "dependencies": { "@radix-ui/react-use-callback-ref": "1.1.0" }, "peerDependencies": { "@types/react": "*", "react": "^16.8 || ^17.0 || ^18.0 || ^19.0 || ^19.0.0-rc" } }, ""],

    "@radix-ui/react-use-effect-event": ["@radix-ui/react-use-effect-event@0.0.2", "", { "dependencies": { "@radix-ui/react-use-layout-effect": "1.1.1" }, "peerDependencies": { "@types/react": "*", "react": "^16.8 || ^17.0 || ^18.0 || ^19.0 || ^19.0.0-rc" }, "optionalPeers": ["@types/react"] }, "sha512-Qp8WbZOBe+blgpuUT+lw2xheLP8q0oatc9UpmiemEICxGvFLYmHm9QowVZGHtJlGbS6A6yJ3iViad/2cVjnOiA=="],

    "@radix-ui/react-use-escape-keydown": ["@radix-ui/react-use-escape-keydown@1.1.0", "", { "dependencies": { "@radix-ui/react-use-callback-ref": "1.1.0" }, "peerDependencies": { "@types/react": "*", "react": "^16.8 || ^17.0 || ^18.0 || ^19.0 || ^19.0.0-rc" } }, ""],

    "@radix-ui/react-use-layout-effect": ["@radix-ui/react-use-layout-effect@1.1.0", "", { "peerDependencies": { "@types/react": "*", "react": "^16.8 || ^17.0 || ^18.0 || ^19.0 || ^19.0.0-rc" } }, ""],

    "@radix-ui/react-use-previous": ["@radix-ui/react-use-previous@1.1.0", "", { "peerDependencies": { "@types/react": "*", "react": "^16.8 || ^17.0 || ^18.0 || ^19.0 || ^19.0.0-rc" } }, ""],

    "@radix-ui/react-use-rect": ["@radix-ui/react-use-rect@1.1.0", "", { "dependencies": { "@radix-ui/rect": "1.1.0" }, "peerDependencies": { "@types/react": "*", "react": "^16.8 || ^17.0 || ^18.0 || ^19.0 || ^19.0.0-rc" } }, ""],

    "@radix-ui/react-use-size": ["@radix-ui/react-use-size@1.1.0", "", { "dependencies": { "@radix-ui/react-use-layout-effect": "1.1.0" }, "peerDependencies": { "@types/react": "*", "react": "^16.8 || ^17.0 || ^18.0 || ^19.0 || ^19.0.0-rc" } }, ""],

    "@radix-ui/react-visually-hidden": ["@radix-ui/react-visually-hidden@1.1.2", "", { "dependencies": { "@radix-ui/react-primitive": "2.0.2" }, "peerDependencies": { "@types/react": "*", "@types/react-dom": "*", "react": "^16.8 || ^17.0 || ^18.0 || ^19.0 || ^19.0.0-rc", "react-dom": "^16.8 || ^17.0 || ^18.0 || ^19.0 || ^19.0.0-rc" } }, ""],

    "@radix-ui/rect": ["@radix-ui/rect@1.1.0", "", {}, ""],

    "@rollup/rollup-darwin-arm64": ["@rollup/rollup-darwin-arm64@4.35.0", "", { "os": "darwin", "cpu": "arm64" }, ""],

    "@rollup/rollup-win32-x64-msvc": ["@rollup/rollup-win32-x64-msvc@4.40.1", "", { "os": "win32", "cpu": "x64" }, "sha512-ECyOuDeH3C1I8jH2MK1RtBJW+YPMvSfT0a5NN0nHfQYnDSJ6tUiZH3gzwVP5/Kfh/+Tt7tpWVF9LXNTnhTJ3kA=="],

    "@standard-schema/utils": ["@standard-schema/utils@0.3.0", "", {}, "sha512-e7Mew686owMaPJVNNLs55PUvgz371nKgwsc4vxE49zsODpJEnxgxRo2y/OKrqueavXgZNMDVj3DdHFlaSAeU8g=="],

    "@tailwindcss/node": ["@tailwindcss/node@4.0.14", "", { "dependencies": { "enhanced-resolve": "^5.18.1", "jiti": "^2.4.2", "tailwindcss": "4.0.14" } }, ""],

    "@tailwindcss/oxide": ["@tailwindcss/oxide@4.0.14", "", { "optionalDependencies": { "@tailwindcss/oxide-darwin-arm64": "4.0.14" } }, ""],

    "@tailwindcss/oxide-darwin-arm64": ["@tailwindcss/oxide-darwin-arm64@4.0.14", "", { "os": "darwin", "cpu": "arm64" }, ""],

    "@tailwindcss/oxide-win32-x64-msvc": ["@tailwindcss/oxide-win32-x64-msvc@4.1.4", "", { "os": "win32", "cpu": "x64" }, "sha512-+7S63t5zhYjslUGb8NcgLpFXD+Kq1F/zt5Xv5qTv7HaFTG/DHyHD9GA6ieNAxhgyA4IcKa/zy7Xx4Oad2/wuhw=="],

    "@tailwindcss/vite": ["@tailwindcss/vite@4.0.14", "", { "dependencies": { "@tailwindcss/node": "4.0.14", "@tailwindcss/oxide": "4.0.14", "lightningcss": "1.29.2", "tailwindcss": "4.0.14" }, "peerDependencies": { "vite": "^5.2.0 || ^6" } }, ""],

    "@tanstack/query-core": ["@tanstack/query-core@5.74.7", "", {}, "sha512-X3StkN/Y6KGHndTjJf8H8th7AX4bKfbRpiVhVqevf0QWlxl6DhyJ0TYG3R0LARa/+xqDwzU9mA4pbJxzPCI29A=="],

    "@tanstack/react-query": ["@tanstack/react-query@5.74.7", "", { "dependencies": { "@tanstack/query-core": "5.74.7" }, "peerDependencies": { "react": "^18 || ^19" } }, "sha512-u4o/RIWnnrq26orGZu2NDPwmVof1vtAiiV6KYUXd49GuK+8HX+gyxoAYqIaZogvCE1cqOuZAhQKcrKGYGkrLxg=="],

    "@tauri-apps/api": ["@tauri-apps/api@2.5.0", "", {}, "sha512-Ldux4ip+HGAcPUmuLT8EIkk6yafl5vK0P0c0byzAKzxJh7vxelVtdPONjfgTm96PbN24yjZNESY8CKo8qniluA=="],

    "@tauri-apps/cli": ["@tauri-apps/cli@2.5.0", "", { "optionalDependencies": { "@tauri-apps/cli-darwin-arm64": "2.5.0", "@tauri-apps/cli-darwin-x64": "2.5.0", "@tauri-apps/cli-linux-arm-gnueabihf": "2.5.0", "@tauri-apps/cli-linux-arm64-gnu": "2.5.0", "@tauri-apps/cli-linux-arm64-musl": "2.5.0", "@tauri-apps/cli-linux-riscv64-gnu": "2.5.0", "@tauri-apps/cli-linux-x64-gnu": "2.5.0", "@tauri-apps/cli-linux-x64-musl": "2.5.0", "@tauri-apps/cli-win32-arm64-msvc": "2.5.0", "@tauri-apps/cli-win32-ia32-msvc": "2.5.0", "@tauri-apps/cli-win32-x64-msvc": "2.5.0" }, "bin": { "tauri": "tauri.js" } }, "sha512-rAtHqG0Gh/IWLjN2zTf3nZqYqbo81oMbqop56rGTjrlWk9pTTAjkqOjSL9XQLIMZ3RbeVjveCqqCA0s8RnLdMg=="],

    "@tauri-apps/cli-darwin-arm64": ["@tauri-apps/cli-darwin-arm64@2.5.0", "", { "os": "darwin", "cpu": "arm64" }, "sha512-VuVAeTFq86dfpoBDNYAdtQVLbP0+2EKCHIIhkaxjeoPARR0sLpFHz2zs0PcFU76e+KAaxtEtAJAXGNUc8E1PzQ=="],

    "@tauri-apps/cli-darwin-x64": ["@tauri-apps/cli-darwin-x64@2.5.0", "", { "os": "darwin", "cpu": "x64" }, "sha512-hUF01sC06cZVa8+I0/VtsHOk9BbO75rd+YdtHJ48xTdcYaQ5QIwL4yZz9OR1AKBTaUYhBam8UX9Pvd5V2/4Dpw=="],

    "@tauri-apps/cli-linux-arm-gnueabihf": ["@tauri-apps/cli-linux-arm-gnueabihf@2.5.0", "", { "os": "linux", "cpu": "arm" }, "sha512-LQKqttsK252LlqYyX8R02MinUsfFcy3+NZiJwHFgi5Y3+ZUIAED9cSxJkyNtuY5KMnR4RlpgWyLv4P6akN1xhg=="],

    "@tauri-apps/cli-linux-arm64-gnu": ["@tauri-apps/cli-linux-arm64-gnu@2.5.0", "", { "os": "linux", "cpu": "arm64" }, "sha512-mTQufsPcpdHg5RW0zypazMo4L55EfeE5snTzrPqbLX4yCK2qalN7+rnP8O8GT06xhp6ElSP/Ku1M2MR297SByQ=="],

    "@tauri-apps/cli-linux-arm64-musl": ["@tauri-apps/cli-linux-arm64-musl@2.5.0", "", { "os": "linux", "cpu": "arm64" }, "sha512-rQO1HhRUQqyEaal5dUVOQruTRda/TD36s9kv1hTxZiFuSq3558lsTjAcUEnMAtBcBkps20sbyTJNMT0AwYIk8Q=="],

    "@tauri-apps/cli-linux-riscv64-gnu": ["@tauri-apps/cli-linux-riscv64-gnu@2.5.0", "", { "os": "linux", "cpu": "none" }, "sha512-7oS18FN46yDxyw1zX/AxhLAd7T3GrLj3Ai6s8hZKd9qFVzrAn36ESL7d3G05s8wEtsJf26qjXnVF4qleS3dYsA=="],

    "@tauri-apps/cli-linux-x64-gnu": ["@tauri-apps/cli-linux-x64-gnu@2.5.0", "", { "os": "linux", "cpu": "x64" }, "sha512-SG5sFNL7VMmDBdIg3nO3EzNRT306HsiEQ0N90ILe3ZABYAVoPDO/ttpCO37ApLInTzrq/DLN+gOlC/mgZvLw1w=="],

    "@tauri-apps/cli-linux-x64-musl": ["@tauri-apps/cli-linux-x64-musl@2.5.0", "", { "os": "linux", "cpu": "x64" }, "sha512-QXDM8zp/6v05PNWju5ELsVwF0VH1n6b5pk2E6W/jFbbiwz80Vs1lACl9pv5kEHkrxBj+aWU/03JzGuIj2g3SkQ=="],

    "@tauri-apps/cli-win32-arm64-msvc": ["@tauri-apps/cli-win32-arm64-msvc@2.5.0", "", { "os": "win32", "cpu": "arm64" }, "sha512-pFSHFK6b+o9y4Un8w0gGLwVyFTZaC3P0kQ7umRt/BLDkzD5RnQ4vBM7CF8BCU5nkwmEBUCZd7Wt3TWZxe41o6Q=="],

    "@tauri-apps/cli-win32-ia32-msvc": ["@tauri-apps/cli-win32-ia32-msvc@2.5.0", "", { "os": "win32", "cpu": "ia32" }, "sha512-EArv1IaRlogdLAQyGlKmEqZqm5RfHCUMhJoedWu7GtdbOMUfSAz6FMX2boE1PtEmNO4An+g188flLeVErrxEKg=="],

    "@tauri-apps/cli-win32-x64-msvc": ["@tauri-apps/cli-win32-x64-msvc@2.5.0", "", { "os": "win32", "cpu": "x64" }, "sha512-lj43EFYbnAta8pd9JnUq87o+xRUR0odz+4rixBtTUwUgdRdwQ2V9CzFtsMu6FQKpFQ6mujRK6P1IEwhL6ADRsQ=="],

    "@tauri-apps/plugin-dialog": ["@tauri-apps/plugin-dialog@2.2.0", "", { "dependencies": { "@tauri-apps/api": "^2.0.0" } }, "sha512-6bLkYK68zyK31418AK5fNccCdVuRnNpbxquCl8IqgFByOgWFivbiIlvb79wpSXi0O+8k8RCSsIpOquebusRVSg=="],

    "@tauri-apps/plugin-fs": ["@tauri-apps/plugin-fs@2.2.0", "", { "dependencies": { "@tauri-apps/api": "^2.0.0" } }, "sha512-+08mApuONKI8/sCNEZ6AR8vf5vI9DXD4YfrQ9NQmhRxYKMLVhRW164vdW5BSLmMpuevftpQ2FVoL9EFkfG9Z+g=="],

    "@tauri-apps/plugin-os": ["@tauri-apps/plugin-os@2.2.1", "", { "dependencies": { "@tauri-apps/api": "^2.0.0" } }, "sha512-cNYpNri2CCc6BaNeB6G/mOtLvg8dFyFQyCUdf2y0K8PIAKGEWdEcu8DECkydU2B+oj4OJihDPD2de5K6cbVl9A=="],

    "@tauri-apps/plugin-shell": ["@tauri-apps/plugin-shell@2.2.0", "", { "dependencies": { "@tauri-apps/api": "^2.0.0" } }, "sha512-iC3Ic1hLmasoboG7BO+7p+AriSoqAwKrIk+Hpk+S/bjTQdXqbl2GbdclghI4gM32X0bls7xHzIFqhRdrlvJeaA=="],

    "@types/babel__core": ["@types/babel__core@7.20.5", "", { "dependencies": { "@babel/parser": "^7.20.7", "@babel/types": "^7.20.7", "@types/babel__generator": "*", "@types/babel__template": "*", "@types/babel__traverse": "*" } }, ""],

    "@types/babel__generator": ["@types/babel__generator@7.6.8", "", { "dependencies": { "@babel/types": "^7.0.0" } }, ""],

    "@types/babel__template": ["@types/babel__template@7.4.4", "", { "dependencies": { "@babel/parser": "^7.1.0", "@babel/types": "^7.0.0" } }, ""],

    "@types/babel__traverse": ["@types/babel__traverse@7.20.6", "", { "dependencies": { "@babel/types": "^7.20.7" } }, ""],

    "@types/cookie": ["@types/cookie@0.6.0", "", {}, "sha512-4Kh9a6B2bQciAhf7FSuMRRkUWecJgJu9nPnx3yzpsfXX/c50REIqpHY4C82bXP90qrLtXtkDxTZosYO3UpOwlA=="],

    "@types/estree": ["@types/estree@1.0.6", "", {}, ""],

    "@types/node": ["@types/node@22.13.10", "", { "dependencies": { "undici-types": "~6.20.0" } }, ""],

    "@types/prop-types": ["@types/prop-types@15.7.14", "", {}, ""],

    "@types/react": ["@types/react@18.3.18", "", { "dependencies": { "@types/prop-types": "*", "csstype": "^3.0.2" } }, ""],

    "@types/react-dom": ["@types/react-dom@18.3.5", "", { "peerDependencies": { "@types/react": "^18.0.0" } }, ""],

    "@vitejs/plugin-react": ["@vitejs/plugin-react@4.3.4", "", { "dependencies": { "@babel/core": "^7.26.0", "@babel/plugin-transform-react-jsx-self": "^7.25.9", "@babel/plugin-transform-react-jsx-source": "^7.25.9", "@types/babel__core": "^7.20.5", "react-refresh": "^0.14.2" }, "peerDependencies": { "vite": "^4.2.0 || ^5.0.0 || ^6.0.0" } }, ""],

    "aria-hidden": ["aria-hidden@1.2.4", "", { "dependencies": { "tslib": "^2.0.0" } }, ""],

    "browserslist": ["browserslist@4.24.4", "", { "dependencies": { "caniuse-lite": "^1.0.30001688", "electron-to-chromium": "^1.5.73", "node-releases": "^2.0.19", "update-browserslist-db": "^1.1.1" }, "bin": "cli.js" }, ""],

    "caniuse-lite": ["caniuse-lite@1.0.30001704", "", {}, ""],

    "class-variance-authority": ["class-variance-authority@0.7.1", "", { "dependencies": { "clsx": "^2.1.1" } }, ""],

    "clsx": ["clsx@2.1.1", "", {}, ""],

    "convert-source-map": ["convert-source-map@2.0.0", "", {}, ""],

    "cookie": ["cookie@1.0.2", "", {}, "sha512-9Kr/j4O16ISv8zBBhJoi4bXOYNTkFLOqSL3UDB0njXxCXNezjeyVrJyGOWtgfs/q2km1gwBcfH8q1yEGoMYunA=="],

    "csstype": ["csstype@3.1.3", "", {}, ""],

    "debug": ["debug@4.4.0", "", { "dependencies": { "ms": "^2.1.3" } }, ""],

    "detect-libc": ["detect-libc@2.0.3", "", {}, ""],

    "detect-node-es": ["detect-node-es@1.1.0", "", {}, ""],

    "electron-to-chromium": ["electron-to-chromium@1.5.116", "", {}, ""],

    "enhanced-resolve": ["enhanced-resolve@5.18.1", "", { "dependencies": { "graceful-fs": "^4.2.4", "tapable": "^2.2.0" } }, ""],

    "esbuild": ["esbuild@0.25.1", "", { "optionalDependencies": { "@esbuild/darwin-arm64": "0.25.1" }, "bin": "bin/esbuild" }, ""],

    "escalade": ["escalade@3.2.0", "", {}, ""],

    "fsevents": ["fsevents@2.3.3", "", { "os": "darwin" }, ""],

    "gensync": ["gensync@1.0.0-beta.2", "", {}, ""],

    "get-nonce": ["get-nonce@1.0.1", "", {}, ""],

    "globals": ["globals@11.12.0", "", {}, ""],

    "graceful-fs": ["graceful-fs@4.2.11", "", {}, ""],

    "html-parse-stringify": ["html-parse-stringify@3.0.1", "", { "dependencies": { "void-elements": "3.1.0" } }, "sha512-KknJ50kTInJ7qIScF3jeaFRpMpE8/lfiTdzf/twXyPBLAGrLRTmkz3AdTnKeh40X8k9L2fdYwEp/42WGXIRGcg=="],

    "i18next": ["i18next@24.2.3", "", { "dependencies": { "@babel/runtime": "^7.26.10" }, "peerDependencies": { "typescript": "^5" } }, "sha512-lfbf80OzkocvX7nmZtu7nSTNbrTYR52sLWxPtlXX1zAhVw8WEnFk4puUkCR4B1dNQwbSpEHHHemcZu//7EcB7A=="],

    "i18next-browser-languagedetector": ["i18next-browser-languagedetector@8.0.4", "", { "dependencies": { "@babel/runtime": "^7.23.2" } }, "sha512-f3frU3pIxD50/Tz20zx9TD9HobKYg47fmAETb117GKGPrhwcSSPJDoCposXlVycVebQ9GQohC3Efbpq7/nnJ5w=="],

    "jiti": ["jiti@2.4.2", "", { "bin": "lib/jiti-cli.mjs" }, ""],

    "js-tokens": ["js-tokens@4.0.0", "", {}, ""],

    "jsesc": ["jsesc@3.1.0", "", { "bin": "bin/jsesc" }, ""],

    "json5": ["json5@2.2.3", "", { "bin": "lib/cli.js" }, ""],

    "lightningcss": ["lightningcss@1.29.2", "", { "dependencies": { "detect-libc": "^2.0.3" }, "optionalDependencies": { "lightningcss-darwin-arm64": "1.29.2" } }, ""],

    "lightningcss-darwin-arm64": ["lightningcss-darwin-arm64@1.29.2", "", { "os": "darwin", "cpu": "arm64" }, ""],

    "loose-envify": ["loose-envify@1.4.0", "", { "dependencies": { "js-tokens": "^3.0.0 || ^4.0.0" }, "bin": "cli.js" }, ""],

    "lru-cache": ["lru-cache@5.1.1", "", { "dependencies": { "yallist": "^3.0.2" } }, ""],

    "lucide-react": ["lucide-react@0.479.0", "", { "peerDependencies": { "react": "^16.5.1 || ^17.0.0 || ^18.0.0 || ^19.0.0" } }, ""],

    "ms": ["ms@2.1.3", "", {}, ""],

    "nanoid": ["nanoid@3.3.9", "", { "bin": "bin/nanoid.cjs" }, ""],

    "node-releases": ["node-releases@2.0.19", "", {}, ""],

    "picocolors": ["picocolors@1.1.1", "", {}, ""],

    "postcss": ["postcss@8.5.3", "", { "dependencies": { "nanoid": "^3.3.8", "picocolors": "^1.1.1", "source-map-js": "^1.2.1" } }, ""],

    "react": ["react@18.3.1", "", { "dependencies": { "loose-envify": "^1.1.0" } }, ""],

    "react-dom": ["react-dom@18.3.1", "", { "dependencies": { "loose-envify": "^1.1.0", "scheduler": "^0.23.2" }, "peerDependencies": { "react": "^18.3.1" } }, ""],

    "react-hook-form": ["react-hook-form@7.54.2", "", { "peerDependencies": { "react": "^16.8.0 || ^17 || ^18 || ^19" } }, "sha512-eHpAUgUjWbZocoQYUHposymRb4ZP6d0uwUnooL2uOybA9/3tPUvoAKqEWK1WaSiTxxOfTpffNZP7QwlnM3/gEg=="],

    "react-i18next": ["react-i18next@15.4.1", "", { "dependencies": { "@babel/runtime": "^7.25.0", "html-parse-stringify": "^3.0.1" }, "peerDependencies": { "i18next": ">= 23.2.3", "react": ">= 16.8.0" } }, "sha512-ahGab+IaSgZmNPYXdV1n+OYky95TGpFwnKRflX/16dY04DsYYKHtVLjeny7sBSCREEcoMbAgSkFiGLF5g5Oofw=="],

    "react-refresh": ["react-refresh@0.14.2", "", {}, ""],

    "react-remove-scroll": ["react-remove-scroll@2.6.3", "", { "dependencies": { "react-remove-scroll-bar": "^2.3.7", "react-style-singleton": "^2.2.3", "tslib": "^2.1.0", "use-callback-ref": "^1.3.3", "use-sidecar": "^1.1.3" }, "peerDependencies": { "@types/react": "*", "react": "^16.8.0 || ^17.0.0 || ^18.0.0 || ^19.0.0 || ^19.0.0-rc" } }, ""],

    "react-remove-scroll-bar": ["react-remove-scroll-bar@2.3.8", "", { "dependencies": { "react-style-singleton": "^2.2.2", "tslib": "^2.0.0" }, "peerDependencies": { "@types/react": "*", "react": "^16.8.0 || ^17.0.0 || ^18.0.0 || ^19.0.0" } }, ""],

    "react-router": ["react-router@7.5.3", "", { "dependencies": { "cookie": "^1.0.1", "set-cookie-parser": "^2.6.0", "turbo-stream": "2.4.0" }, "peerDependencies": { "react": ">=18", "react-dom": ">=18" }, "optionalPeers": ["react-dom"] }, "sha512-3iUDM4/fZCQ89SXlDa+Ph3MevBrozBAI655OAfWQlTm9nBR0IKlrmNwFow5lPHttbwvITZfkeeeZFP6zt3F7pw=="],

    "react-router-dom": ["react-router-dom@7.4.0", "", { "dependencies": { "react-router": "7.4.0" }, "peerDependencies": { "react": ">=18", "react-dom": ">=18" } }, "sha512-VlksBPf3n2bijPvnA7nkTsXxMAKOj+bWp4R9c3i+bnwlSOFAGOkJkKhzy/OsRkWaBMICqcAl1JDzh9ZSOze9CA=="],

    "react-style-singleton": ["react-style-singleton@2.2.3", "", { "dependencies": { "get-nonce": "^1.0.0", "tslib": "^2.0.0" }, "peerDependencies": { "@types/react": "*", "react": "^16.8.0 || ^17.0.0 || ^18.0.0 || ^19.0.0 || ^19.0.0-rc" } }, ""],

    "regenerator-runtime": ["regenerator-runtime@0.14.1", "", {}, "sha512-dYnhHh0nJoMfnkZs6GmmhFknAGRrLznOu5nc9ML+EJxGvrx6H7teuevqVqCuPcPK//3eDrrjQhehXVx9cnkGdw=="],

    "rollup": ["rollup@4.35.0", "", { "dependencies": { "@types/estree": "1.0.6" }, "optionalDependencies": { "@rollup/rollup-darwin-arm64": "4.35.0", "fsevents": "~2.3.2" }, "bin": "dist/bin/rollup" }, ""],

    "scheduler": ["scheduler@0.23.2", "", { "dependencies": { "loose-envify": "^1.1.0" } }, ""],

    "semver": ["semver@6.3.1", "", { "bin": "bin/semver.js" }, ""],

    "set-cookie-parser": ["set-cookie-parser@2.7.1", "", {}, "sha512-IOc8uWeOZgnb3ptbCURJWNjWUPcO3ZnTTdzsurqERrP6nPyv+paC55vJM0LpOlT2ne+Ix+9+CRG1MNLlyZ4GjQ=="],

    "sonner": ["sonner@2.0.1", "", { "peerDependencies": { "react": "^18.0.0 || ^19.0.0 || ^19.0.0-rc", "react-dom": "^18.0.0 || ^19.0.0 || ^19.0.0-rc" } }, "sha512-FRBphaehZ5tLdLcQ8g2WOIRE+Y7BCfWi5Zyd8bCvBjiW8TxxAyoWZIxS661Yz6TGPqFQ4VLzOF89WEYhfynSFQ=="],

    "source-map-js": ["source-map-js@1.2.1", "", {}, ""],

    "tailwind-merge": ["tailwind-merge@3.0.2", "", {}, ""],

    "tailwindcss": ["tailwindcss@4.0.14", "", {}, ""],

    "tailwindcss-animate": ["tailwindcss-animate@1.0.7", "", { "peerDependencies": { "tailwindcss": ">=3.0.0 || insiders" } }, ""],

    "tapable": ["tapable@2.2.1", "", {}, ""],

    "tslib": ["tslib@2.8.1", "", {}, ""],

    "turbo-stream": ["turbo-stream@2.4.0", "", {}, "sha512-FHncC10WpBd2eOmGwpmQsWLDoK4cqsA/UT/GqNoaKOQnT8uzhtCbg3EoUDMvqpOSAI0S26mr0rkjzbOO6S3v1g=="],

    "typescript": ["typescript@5.6.3", "", { "bin": { "tsc": "bin/tsc", "tsserver": "bin/tsserver" } }, ""],

    "undici-types": ["undici-types@6.20.0", "", {}, ""],

    "update-browserslist-db": ["update-browserslist-db@1.1.3", "", { "dependencies": { "escalade": "^3.2.0", "picocolors": "^1.1.1" }, "peerDependencies": { "browserslist": ">= 4.21.0" }, "bin": "cli.js" }, ""],

    "use-callback-ref": ["use-callback-ref@1.3.3", "", { "dependencies": { "tslib": "^2.0.0" }, "peerDependencies": { "@types/react": "*", "react": "^16.8.0 || ^17.0.0 || ^18.0.0 || ^19.0.0 || ^19.0.0-rc" } }, ""],

    "use-sidecar": ["use-sidecar@1.1.3", "", { "dependencies": { "detect-node-es": "^1.1.0", "tslib": "^2.0.0" }, "peerDependencies": { "@types/react": "*", "react": "^16.8.0 || ^17.0.0 || ^18.0.0 || ^19.0.0 || ^19.0.0-rc" } }, ""],

    "vite": ["vite@6.2.1", "", { "dependencies": { "esbuild": "^0.25.0", "postcss": "^8.5.3", "rollup": "^4.30.1" }, "optionalDependencies": { "fsevents": "~2.3.3" }, "peerDependencies": { "@types/node": "^18.0.0 || ^20.0.0 || >=22.0.0", "jiti": ">=1.21.0", "less": "*", "lightningcss": "^1.21.0", "sass": "*", "sass-embedded": "*", "stylus": "*", "sugarss": "*", "terser": "^5.16.0", "tsx": "^4.8.1", "yaml": "^2.4.2" }, "optionalPeers": ["less", "sass", "sass-embedded", "stylus", "sugarss", "terser", "tsx", "yaml"], "bin": "bin/vite.js" }, ""],

    "void-elements": ["void-elements@3.1.0", "", {}, "sha512-Dhxzh5HZuiHQhbvTW9AMetFfBHDMYpo23Uo9btPXgdYP+3T5S+p+jgNy7spra+veYhBP2dCSgxR/i2Y02h5/6w=="],

    "yallist": ["yallist@3.1.1", "", {}, ""],

    "zod": ["zod@3.24.2", "", {}, "sha512-lY7CDW43ECgW9u1TcT3IoXHflywfVqDYze4waEz812jR/bZ8FHDsl7pFQoSZTz5N+2NqRXs8GBwnAwo3ZNxqhQ=="],

    "zustand": ["zustand@5.0.3", "", { "peerDependencies": { "@types/react": ">=18.0.0", "immer": ">=9.0.6", "react": ">=18.0.0", "use-sync-external-store": ">=1.2.0" }, "optionalPeers": ["immer", "use-sync-external-store"] }, "sha512-14fwWQtU3pH4dE0dOpdMiWjddcH+QzKIgk1cl8epwSE7yag43k/AD/m4L6+K7DytAOr9gGBe3/EXj9g7cdostg=="],

    "@radix-ui/react-menu/@radix-ui/react-roving-focus": ["@radix-ui/react-roving-focus@1.1.2", "", { "dependencies": { "@radix-ui/primitive": "1.1.1", "@radix-ui/react-collection": "1.1.2", "@radix-ui/react-compose-refs": "1.1.1", "@radix-ui/react-context": "1.1.1", "@radix-ui/react-direction": "1.1.0", "@radix-ui/react-id": "1.1.0", "@radix-ui/react-primitive": "2.0.2", "@radix-ui/react-use-callback-ref": "1.1.0", "@radix-ui/react-use-controllable-state": "1.1.0" }, "peerDependencies": { "@types/react": "*", "@types/react-dom": "*", "react": "^16.8 || ^17.0 || ^18.0 || ^19.0 || ^19.0.0-rc", "react-dom": "^16.8 || ^17.0 || ^18.0 || ^19.0 || ^19.0.0-rc" } }, ""],

    "@radix-ui/react-roving-focus/@radix-ui/primitive": ["@radix-ui/primitive@1.1.2", "", {}, "sha512-XnbHrrprsNqZKQhStrSwgRUQzoCI1glLzdw79xiZPoofhGICeZRSQ3dIxAKH1gb3OHfNf4d6f+vAv3kil2eggA=="],

    "@radix-ui/react-roving-focus/@radix-ui/react-collection": ["@radix-ui/react-collection@1.1.4", "", { "dependencies": { "@radix-ui/react-compose-refs": "1.1.2", "@radix-ui/react-context": "1.1.2", "@radix-ui/react-primitive": "2.1.0", "@radix-ui/react-slot": "1.2.0" }, "peerDependencies": { "@types/react": "*", "@types/react-dom": "*", "react": "^16.8 || ^17.0 || ^18.0 || ^19.0 || ^19.0.0-rc", "react-dom": "^16.8 || ^17.0 || ^18.0 || ^19.0 || ^19.0.0-rc" }, "optionalPeers": ["@types/react", "@types/react-dom"] }, "sha512-cv4vSf7HttqXilDnAnvINd53OTl1/bjUYVZrkFnA7nwmY9Ob2POUy0WY0sfqBAe1s5FyKsyceQlqiEGPYNTadg=="],

    "@radix-ui/react-roving-focus/@radix-ui/react-compose-refs": ["@radix-ui/react-compose-refs@1.1.2", "", { "peerDependencies": { "@types/react": "*", "react": "^16.8 || ^17.0 || ^18.0 || ^19.0 || ^19.0.0-rc" }, "optionalPeers": ["@types/react"] }, "sha512-z4eqJvfiNnFMHIIvXP3CY57y2WJs5g2v3X0zm9mEJkrkNv4rDxu+sg9Jh8EkXyeqBkB7SOcboo9dMVqhyrACIg=="],

    "@radix-ui/react-roving-focus/@radix-ui/react-context": ["@radix-ui/react-context@1.1.2", "", { "peerDependencies": { "@types/react": "*", "react": "^16.8 || ^17.0 || ^18.0 || ^19.0 || ^19.0.0-rc" }, "optionalPeers": ["@types/react"] }, "sha512-jCi/QKUM2r1Ju5a3J64TH2A5SpKAgh0LpknyqdQ4m6DCV0xJ2HG1xARRwNGPQfi1SLdLWZ1OJz6F4OMBBNiGJA=="],

    "@radix-ui/react-roving-focus/@radix-ui/react-direction": ["@radix-ui/react-direction@1.1.1", "", { "peerDependencies": { "@types/react": "*", "react": "^16.8 || ^17.0 || ^18.0 || ^19.0 || ^19.0.0-rc" }, "optionalPeers": ["@types/react"] }, "sha512-1UEWRX6jnOA2y4H5WczZ44gOOjTEmlqv1uNW4GAJEO5+bauCBhv8snY65Iw5/VOS/ghKN9gr2KjnLKxrsvoMVw=="],

    "@radix-ui/react-roving-focus/@radix-ui/react-id": ["@radix-ui/react-id@1.1.1", "", { "dependencies": { "@radix-ui/react-use-layout-effect": "1.1.1" }, "peerDependencies": { "@types/react": "*", "react": "^16.8 || ^17.0 || ^18.0 || ^19.0 || ^19.0.0-rc" }, "optionalPeers": ["@types/react"] }, "sha512-kGkGegYIdQsOb4XjsfM97rXsiHaBwco+hFI66oO4s9LU+PLAC5oJ7khdOVFxkhsmlbpUqDAvXw11CluXP+jkHg=="],

    "@radix-ui/react-roving-focus/@radix-ui/react-primitive": ["@radix-ui/react-primitive@2.1.0", "", { "dependencies": { "@radix-ui/react-slot": "1.2.0" }, "peerDependencies": { "@types/react": "*", "@types/react-dom": "*", "react": "^16.8 || ^17.0 || ^18.0 || ^19.0 || ^19.0.0-rc", "react-dom": "^16.8 || ^17.0 || ^18.0 || ^19.0 || ^19.0.0-rc" }, "optionalPeers": ["@types/react", "@types/react-dom"] }, "sha512-/J/FhLdK0zVcILOwt5g+dH4KnkonCtkVJsa2G6JmvbbtZfBEI1gMsO3QMjseL4F/SwfAMt1Vc/0XKYKq+xJ1sw=="],

    "@radix-ui/react-roving-focus/@radix-ui/react-use-callback-ref": ["@radix-ui/react-use-callback-ref@1.1.1", "", { "peerDependencies": { "@types/react": "*", "react": "^16.8 || ^17.0 || ^18.0 || ^19.0 || ^19.0.0-rc" }, "optionalPeers": ["@types/react"] }, "sha512-FkBMwD+qbGQeMu1cOHnuGB6x4yzPjho8ap5WtbEJ26umhgqVXbhekKUQO+hZEL1vU92a3wHwdp0HAcqAUF5iDg=="],

    "@radix-ui/react-roving-focus/@radix-ui/react-use-controllable-state": ["@radix-ui/react-use-controllable-state@1.2.2", "", { "dependencies": { "@radix-ui/react-use-effect-event": "0.0.2", "@radix-ui/react-use-layout-effect": "1.1.1" }, "peerDependencies": { "@types/react": "*", "react": "^16.8 || ^17.0 || ^18.0 || ^19.0 || ^19.0.0-rc" }, "optionalPeers": ["@types/react"] }, "sha512-BjasUjixPFdS+NKkypcyyN5Pmg83Olst0+c6vGov0diwTEo6mgdqVR6hxcEgFuh4QrAs7Rc+9KuGJ9TVCj0Zzg=="],

    "@radix-ui/react-tabs/@radix-ui/primitive": ["@radix-ui/primitive@1.1.2", "", {}, "sha512-XnbHrrprsNqZKQhStrSwgRUQzoCI1glLzdw79xiZPoofhGICeZRSQ3dIxAKH1gb3OHfNf4d6f+vAv3kil2eggA=="],

    "@radix-ui/react-tabs/@radix-ui/react-context": ["@radix-ui/react-context@1.1.2", "", { "peerDependencies": { "@types/react": "*", "react": "^16.8 || ^17.0 || ^18.0 || ^19.0 || ^19.0.0-rc" }, "optionalPeers": ["@types/react"] }, "sha512-jCi/QKUM2r1Ju5a3J64TH2A5SpKAgh0LpknyqdQ4m6DCV0xJ2HG1xARRwNGPQfi1SLdLWZ1OJz6F4OMBBNiGJA=="],

    "@radix-ui/react-tabs/@radix-ui/react-direction": ["@radix-ui/react-direction@1.1.1", "", { "peerDependencies": { "@types/react": "*", "react": "^16.8 || ^17.0 || ^18.0 || ^19.0 || ^19.0.0-rc" }, "optionalPeers": ["@types/react"] }, "sha512-1UEWRX6jnOA2y4H5WczZ44gOOjTEmlqv1uNW4GAJEO5+bauCBhv8snY65Iw5/VOS/ghKN9gr2KjnLKxrsvoMVw=="],

    "@radix-ui/react-tabs/@radix-ui/react-id": ["@radix-ui/react-id@1.1.1", "", { "dependencies": { "@radix-ui/react-use-layout-effect": "1.1.1" }, "peerDependencies": { "@types/react": "*", "react": "^16.8 || ^17.0 || ^18.0 || ^19.0 || ^19.0.0-rc" }, "optionalPeers": ["@types/react"] }, "sha512-kGkGegYIdQsOb4XjsfM97rXsiHaBwco+hFI66oO4s9LU+PLAC5oJ7khdOVFxkhsmlbpUqDAvXw11CluXP+jkHg=="],

    "@radix-ui/react-tabs/@radix-ui/react-presence": ["@radix-ui/react-presence@1.1.4", "", { "dependencies": { "@radix-ui/react-compose-refs": "1.1.2", "@radix-ui/react-use-layout-effect": "1.1.1" }, "peerDependencies": { "@types/react": "*", "@types/react-dom": "*", "react": "^16.8 || ^17.0 || ^18.0 || ^19.0 || ^19.0.0-rc", "react-dom": "^16.8 || ^17.0 || ^18.0 || ^19.0 || ^19.0.0-rc" }, "optionalPeers": ["@types/react", "@types/react-dom"] }, "sha512-ueDqRbdc4/bkaQT3GIpLQssRlFgWaL/U2z/S31qRwwLWoxHLgry3SIfCwhxeQNbirEUXFa+lq3RL3oBYXtcmIA=="],

    "@radix-ui/react-tabs/@radix-ui/react-primitive": ["@radix-ui/react-primitive@2.1.0", "", { "dependencies": { "@radix-ui/react-slot": "1.2.0" }, "peerDependencies": { "@types/react": "*", "@types/react-dom": "*", "react": "^16.8 || ^17.0 || ^18.0 || ^19.0 || ^19.0.0-rc", "react-dom": "^16.8 || ^17.0 || ^18.0 || ^19.0 || ^19.0.0-rc" }, "optionalPeers": ["@types/react", "@types/react-dom"] }, "sha512-/J/FhLdK0zVcILOwt5g+dH4KnkonCtkVJsa2G6JmvbbtZfBEI1gMsO3QMjseL4F/SwfAMt1Vc/0XKYKq+xJ1sw=="],

    "@radix-ui/react-tabs/@radix-ui/react-use-controllable-state": ["@radix-ui/react-use-controllable-state@1.2.2", "", { "dependencies": { "@radix-ui/react-use-effect-event": "0.0.2", "@radix-ui/react-use-layout-effect": "1.1.1" }, "peerDependencies": { "@types/react": "*", "react": "^16.8 || ^17.0 || ^18.0 || ^19.0 || ^19.0.0-rc" }, "optionalPeers": ["@types/react"] }, "sha512-BjasUjixPFdS+NKkypcyyN5Pmg83Olst0+c6vGov0diwTEo6mgdqVR6hxcEgFuh4QrAs7Rc+9KuGJ9TVCj0Zzg=="],

    "@radix-ui/react-use-effect-event/@radix-ui/react-use-layout-effect": ["@radix-ui/react-use-layout-effect@1.1.1", "", { "peerDependencies": { "@types/react": "*", "react": "^16.8 || ^17.0 || ^18.0 || ^19.0 || ^19.0.0-rc" }, "optionalPeers": ["@types/react"] }, "sha512-RbJRS4UWQFkzHTTwVymMTUv8EqYhOp8dOOviLj2ugtTiXRaRQS7GLGxZTLL1jWhMeoSCf5zmcZkqTl9IiYfXcQ=="],

    "@tauri-apps/plugin-dialog/@tauri-apps/api": ["@tauri-apps/api@2.3.0", "", {}, ""],

    "@tauri-apps/plugin-fs/@tauri-apps/api": ["@tauri-apps/api@2.3.0", "", {}, ""],

    "@tauri-apps/plugin-os/@tauri-apps/api": ["@tauri-apps/api@2.3.0", "", {}, ""],

    "@tauri-apps/plugin-shell/@tauri-apps/api": ["@tauri-apps/api@2.3.0", "", {}, ""],

    "react-router-dom/react-router": ["react-router@7.4.0", "", { "dependencies": { "@types/cookie": "^0.6.0", "cookie": "^1.0.1", "set-cookie-parser": "^2.6.0", "turbo-stream": "2.4.0" }, "peerDependencies": { "react": ">=18", "react-dom": ">=18" } }, "sha512-Y2g5ObjkvX3VFeVt+0CIPuYd9PpgqCslG7ASSIdN73LwA1nNWzcMLaoMRJfP3prZFI92svxFwbn7XkLJ+UPQ6A=="],

    "@radix-ui/react-roving-focus/@radix-ui/react-collection/@radix-ui/react-slot": ["@radix-ui/react-slot@1.2.0", "", { "dependencies": { "@radix-ui/react-compose-refs": "1.1.2" }, "peerDependencies": { "@types/react": "*", "react": "^16.8 || ^17.0 || ^18.0 || ^19.0 || ^19.0.0-rc" }, "optionalPeers": ["@types/react"] }, "sha512-ujc+V6r0HNDviYqIK3rW4ffgYiZ8g5DEHrGJVk4x7kTlLXRDILnKX9vAUYeIsLOoDpDJ0ujpqMkjH4w2ofuo6w=="],

    "@radix-ui/react-roving-focus/@radix-ui/react-id/@radix-ui/react-use-layout-effect": ["@radix-ui/react-use-layout-effect@1.1.1", "", { "peerDependencies": { "@types/react": "*", "react": "^16.8 || ^17.0 || ^18.0 || ^19.0 || ^19.0.0-rc" }, "optionalPeers": ["@types/react"] }, "sha512-RbJRS4UWQFkzHTTwVymMTUv8EqYhOp8dOOviLj2ugtTiXRaRQS7GLGxZTLL1jWhMeoSCf5zmcZkqTl9IiYfXcQ=="],

    "@radix-ui/react-roving-focus/@radix-ui/react-primitive/@radix-ui/react-slot": ["@radix-ui/react-slot@1.2.0", "", { "dependencies": { "@radix-ui/react-compose-refs": "1.1.2" }, "peerDependencies": { "@types/react": "*", "react": "^16.8 || ^17.0 || ^18.0 || ^19.0 || ^19.0.0-rc" }, "optionalPeers": ["@types/react"] }, "sha512-ujc+V6r0HNDviYqIK3rW4ffgYiZ8g5DEHrGJVk4x7kTlLXRDILnKX9vAUYeIsLOoDpDJ0ujpqMkjH4w2ofuo6w=="],

    "@radix-ui/react-roving-focus/@radix-ui/react-use-controllable-state/@radix-ui/react-use-layout-effect": ["@radix-ui/react-use-layout-effect@1.1.1", "", { "peerDependencies": { "@types/react": "*", "react": "^16.8 || ^17.0 || ^18.0 || ^19.0 || ^19.0.0-rc" }, "optionalPeers": ["@types/react"] }, "sha512-RbJRS4UWQFkzHTTwVymMTUv8EqYhOp8dOOviLj2ugtTiXRaRQS7GLGxZTLL1jWhMeoSCf5zmcZkqTl9IiYfXcQ=="],

    "@radix-ui/react-tabs/@radix-ui/react-id/@radix-ui/react-use-layout-effect": ["@radix-ui/react-use-layout-effect@1.1.1", "", { "peerDependencies": { "@types/react": "*", "react": "^16.8 || ^17.0 || ^18.0 || ^19.0 || ^19.0.0-rc" }, "optionalPeers": ["@types/react"] }, "sha512-RbJRS4UWQFkzHTTwVymMTUv8EqYhOp8dOOviLj2ugtTiXRaRQS7GLGxZTLL1jWhMeoSCf5zmcZkqTl9IiYfXcQ=="],

    "@radix-ui/react-tabs/@radix-ui/react-presence/@radix-ui/react-compose-refs": ["@radix-ui/react-compose-refs@1.1.2", "", { "peerDependencies": { "@types/react": "*", "react": "^16.8 || ^17.0 || ^18.0 || ^19.0 || ^19.0.0-rc" }, "optionalPeers": ["@types/react"] }, "sha512-z4eqJvfiNnFMHIIvXP3CY57y2WJs5g2v3X0zm9mEJkrkNv4rDxu+sg9Jh8EkXyeqBkB7SOcboo9dMVqhyrACIg=="],

    "@radix-ui/react-tabs/@radix-ui/react-presence/@radix-ui/react-use-layout-effect": ["@radix-ui/react-use-layout-effect@1.1.1", "", { "peerDependencies": { "@types/react": "*", "react": "^16.8 || ^17.0 || ^18.0 || ^19.0 || ^19.0.0-rc" }, "optionalPeers": ["@types/react"] }, "sha512-RbJRS4UWQFkzHTTwVymMTUv8EqYhOp8dOOviLj2ugtTiXRaRQS7GLGxZTLL1jWhMeoSCf5zmcZkqTl9IiYfXcQ=="],

    "@radix-ui/react-tabs/@radix-ui/react-primitive/@radix-ui/react-slot": ["@radix-ui/react-slot@1.2.0", "", { "dependencies": { "@radix-ui/react-compose-refs": "1.1.2" }, "peerDependencies": { "@types/react": "*", "react": "^16.8 || ^17.0 || ^18.0 || ^19.0 || ^19.0.0-rc" }, "optionalPeers": ["@types/react"] }, "sha512-ujc+V6r0HNDviYqIK3rW4ffgYiZ8g5DEHrGJVk4x7kTlLXRDILnKX9vAUYeIsLOoDpDJ0ujpqMkjH4w2ofuo6w=="],

    "@radix-ui/react-tabs/@radix-ui/react-use-controllable-state/@radix-ui/react-use-layout-effect": ["@radix-ui/react-use-layout-effect@1.1.1", "", { "peerDependencies": { "@types/react": "*", "react": "^16.8 || ^17.0 || ^18.0 || ^19.0 || ^19.0.0-rc" }, "optionalPeers": ["@types/react"] }, "sha512-RbJRS4UWQFkzHTTwVymMTUv8EqYhOp8dOOviLj2ugtTiXRaRQS7GLGxZTLL1jWhMeoSCf5zmcZkqTl9IiYfXcQ=="],

    "@radix-ui/react-tabs/@radix-ui/react-primitive/@radix-ui/react-slot/@radix-ui/react-compose-refs": ["@radix-ui/react-compose-refs@1.1.2", "", { "peerDependencies": { "@types/react": "*", "react": "^16.8 || ^17.0 || ^18.0 || ^19.0 || ^19.0.0-rc" }, "optionalPeers": ["@types/react"] }, "sha512-z4eqJvfiNnFMHIIvXP3CY57y2WJs5g2v3X0zm9mEJkrkNv4rDxu+sg9Jh8EkXyeqBkB7SOcboo9dMVqhyrACIg=="],
  }
}
